
Microsoft Visual Studio Solution File, Format Version 12.00
# Visual Studio Version 17
VisualStudioVersion = 17.14.36202.13
MinimumVisualStudioVersion = 10.0.40219.1
Project("{FAE04EC0-301F-11D3-BF4B-00C04F79EFBC}") = "my-daily-hub-frontend", "my-daily-hub-frontend\my-daily-hub-frontend.csproj", "{BD097AFA-3E57-460D-930A-EDF743E68AFA}"
EndProject
Project("{FAE04EC0-301F-11D3-BF4B-00C04F79EFBC}") = "shared", "..\shared\shared.csproj", "{366D7998-A0F1-48A7-B1F2-71C0F3A4356B}"
EndProject
Global
	GlobalSection(SolutionConfigurationPlatforms) = preSolution
		Debug|Any CPU = Debug|Any CPU
		Release|Any CPU = Release|Any CPU
	EndGlobalSection
	GlobalSection(ProjectConfigurationPlatforms) = postSolution
		{BD097AFA-3E57-460D-930A-EDF743E68AFA}.Debug|Any CPU.ActiveCfg = Debug|Any CPU
		{BD097AFA-3E57-460D-930A-EDF743E68AFA}.Debug|Any CPU.Build.0 = Debug|Any CPU
		{BD097AFA-3E57-460D-930A-EDF743E68AFA}.Release|Any CPU.ActiveCfg = Release|Any CPU
		{BD097AFA-3E57-460D-930A-EDF743E68AFA}.Release|Any CPU.Build.0 = Release|Any CPU
		{366D7998-A0F1-48A7-B1F2-71C0F3A4356B}.Debug|Any CPU.ActiveCfg = Debug|Any CPU
		{366D7998-A0F1-48A7-B1F2-71C0F3A4356B}.Debug|Any CPU.Build.0 = Debug|Any CPU
		{366D7998-A0F1-48A7-B1F2-71C0F3A4356B}.Release|Any CPU.ActiveCfg = Release|Any CPU
		{366D7998-A0F1-48A7-B1F2-71C0F3A4356B}.Release|Any CPU.Build.0 = Release|Any CPU
	EndGlobalSection
	GlobalSection(SolutionProperties) = preSolution
		HideSolutionNode = FALSE
	EndGlobalSection
	GlobalSection(ExtensibilityGlobals) = postSolution
		SolutionGuid = {774E830D-4318-4533-B8AF-2B51510797E2}
	EndGlobalSection
EndGlobal
